{
  "name": "@ezekiel-da/npm8_bin_issue_repro",
  "version": "1.0.0",
  "lockfileVersion": 2,
  "requires": true,
  "packages": {
    "": {
      "name": "@ezekiel-da/npm8_bin_issue_repro",
      "version": "1.0.0",
      "license": "ISC",
      "bin": {
        "npm8_bin_issue_repro": "repro.js"
      }
    }
  }
}
