{
    "name": "@ezekiel-da/my-tool",
    "version": "1.0.2",
    "lockfileVersion": 2,
    "requires": true,
    "packages": {
        "": {
            "name": "@ezekiel-da/my-tool",
            "version": "1.0.2",
            "license": "UNLICENSED",
            "bin": {
                "my-tool": "my-tool.js"
            }
        }
    }
}
